Microsoft Visual Studio Solution File, Format Version 12.00
# Visual Studio Version 17
VisualStudioVersion = 17.5.2.0
MinimumVisualStudioVersion = 10.0.40219.1
Project("{FAE04EC0-301F-11D3-BF4B-00C04F79EFBC}") = "VukROM", "VukROM.csproj", "{763EC6C8-0E74-4081-A2AC-14BB6B759007}"
EndProject
Global
	GlobalSection(SolutionConfigurationPlatforms) = preSolution
		Debug|Any CPU = Debug|Any CPU
		Release|Any CPU = Release|Any CPU
	EndGlobalSection
	GlobalSection(ProjectConfigurationPlatforms) = postSolution
		{763EC6C8-0E74-4081-A2AC-14BB6B759007}.Debug|Any CPU.ActiveCfg = Debug|Any CPU
		{763EC6C8-0E74-4081-A2AC-14BB6B759007}.Debug|Any CPU.Build.0 = Debug|Any CPU
		{763EC6C8-0E74-4081-A2AC-14BB6B759007}.Release|Any CPU.ActiveCfg = Release|Any CPU
		{763EC6C8-0E74-4081-A2AC-14BB6B759007}.Release|Any CPU.Build.0 = Release|Any CPU
	EndGlobalSection
	GlobalSection(SolutionProperties) = preSolution
		HideSolutionNode = FALSE
	EndGlobalSection
	GlobalSection(ExtensibilityGlobals) = postSolution
		SolutionGuid = {23748F3B-85E9-4FF2-B4E9-F75CECFE5D6B}
	EndGlobalSection
EndGlobal
